
Microsoft Visual Studio Solution File, Format Version 12.00
# Visual Studio Version 16
VisualStudioVersion = 16.0.31515.178
MinimumVisualStudioVersion = 10.0.40219.1
Project("{9A19103F-16F7-4668-BE54-9A1E7A4F7556}") = "CodeSubmissionSimple.Server", "CodeSubmissionSimple\Server\CodeSubmissionSimple.Server.csproj", "{E063B5CC-269C-4987-A5A7-E7122BAAA26F}"
EndProject
Project("{9A19103F-16F7-4668-BE54-9A1E7A4F7556}") = "CodeSubmissionSimple.Client", "CodeSubmissionSimple\Client\CodeSubmissionSimple.Client.csproj", "{E9CECE9C-1E3E-4CAE-9B6E-032A10DC1819}"
EndProject
Project("{9A19103F-16F7-4668-BE54-9A1E7A4F7556}") = "CodeSubmissionSimple.Shared", "CodeSubmissionSimple\Shared\CodeSubmissionSimple.Shared.csproj", "{3560CEA1-5174-40C6-8C7C-24086A25F705}"
EndProject
Project("{9A19103F-16F7-4668-BE54-9A1E7A4F7556}") = "Components", "Components\Components.csproj", "{78407DAD-8524-49FD-840C-060C7D67BA21}"
EndProject
Global
	GlobalSection(SolutionConfigurationPlatforms) = preSolution
		Debug|Any CPU = Debug|Any CPU
		Release|Any CPU = Release|Any CPU
	EndGlobalSection
	GlobalSection(ProjectConfigurationPlatforms) = postSolution
		{E063B5CC-269C-4987-A5A7-E7122BAAA26F}.Debug|Any CPU.ActiveCfg = Debug|Any CPU
		{E063B5CC-269C-4987-A5A7-E7122BAAA26F}.Debug|Any CPU.Build.0 = Debug|Any CPU
		{E063B5CC-269C-4987-A5A7-E7122BAAA26F}.Release|Any CPU.ActiveCfg = Release|Any CPU
		{E063B5CC-269C-4987-A5A7-E7122BAAA26F}.Release|Any CPU.Build.0 = Release|Any CPU
		{E9CECE9C-1E3E-4CAE-9B6E-032A10DC1819}.Debug|Any CPU.ActiveCfg = Debug|Any CPU
		{E9CECE9C-1E3E-4CAE-9B6E-032A10DC1819}.Debug|Any CPU.Build.0 = Debug|Any CPU
		{E9CECE9C-1E3E-4CAE-9B6E-032A10DC1819}.Release|Any CPU.ActiveCfg = Release|Any CPU
		{E9CECE9C-1E3E-4CAE-9B6E-032A10DC1819}.Release|Any CPU.Build.0 = Release|Any CPU
		{3560CEA1-5174-40C6-8C7C-24086A25F705}.Debug|Any CPU.ActiveCfg = Debug|Any CPU
		{3560CEA1-5174-40C6-8C7C-24086A25F705}.Debug|Any CPU.Build.0 = Debug|Any CPU
		{3560CEA1-5174-40C6-8C7C-24086A25F705}.Release|Any CPU.ActiveCfg = Release|Any CPU
		{3560CEA1-5174-40C6-8C7C-24086A25F705}.Release|Any CPU.Build.0 = Release|Any CPU
		{78407DAD-8524-49FD-840C-060C7D67BA21}.Debug|Any CPU.ActiveCfg = Debug|Any CPU
		{78407DAD-8524-49FD-840C-060C7D67BA21}.Debug|Any CPU.Build.0 = Debug|Any CPU
		{78407DAD-8524-49FD-840C-060C7D67BA21}.Release|Any CPU.ActiveCfg = Release|Any CPU
		{78407DAD-8524-49FD-840C-060C7D67BA21}.Release|Any CPU.Build.0 = Release|Any CPU
	EndGlobalSection
	GlobalSection(SolutionProperties) = preSolution
		HideSolutionNode = FALSE
	EndGlobalSection
	GlobalSection(ExtensibilityGlobals) = postSolution
		SolutionGuid = {AE587CB8-B914-4FCF-BD1F-9846A379BCC8}
	EndGlobalSection
EndGlobal
